Microsoft Visual Studio Solution File, Format Version 11.00
# Visual Studio 2008

Project("{0FCB0F46-C751-7F9E-E97F-EA0DFACF4055}") = "Ritualize", "Assembly-CSharp.csproj", "{03C53AFD-7FB4-212C-CB9F-F9D17E5DD2E7}"
EndProject
Global
	GlobalSection(SolutionConfigurationPlatforms) = preSolution
		Debug|Any CPU = Debug|Any CPU
		Release|Any CPU = Release|Any CPU
	EndGlobalSection
	GlobalSection(ProjectConfigurationPlatforms) = postSolution
		{03C53AFD-7FB4-212C-CB9F-F9D17E5DD2E7}.Debug|Any CPU.ActiveCfg = Debug|Any CPU
		{03C53AFD-7FB4-212C-CB9F-F9D17E5DD2E7}.Debug|Any CPU.Build.0 = Debug|Any CPU
		{03C53AFD-7FB4-212C-CB9F-F9D17E5DD2E7}.Release|Any CPU.ActiveCfg = Release|Any CPU
		{03C53AFD-7FB4-212C-CB9F-F9D17E5DD2E7}.Release|Any CPU.Build.0 = Release|Any CPU
	EndGlobalSection
	GlobalSection(SolutionProperties) = preSolution
		HideSolutionNode = FALSE
	EndGlobalSection
	GlobalSection(MonoDevelopProperties) = preSolution
		StartupItem = Assembly-CSharp.csproj
	EndGlobalSection
EndGlobal
